// !$*UTF8*$!
{
	archiveVersion = 1;
	classes = {
	};
	objectVersion = 56;
	objects = {

/* Begin PBXBuildFile section */
		A10000000000000000000001 /* NotedMenuApp.swift in Sources */ = {isa = PBXBuildFile; fileRef = A20000000000000000000001 /* NotedMenuApp.swift */; };
		A10000000000000000000002 /* AppDelegate.swift in Sources */ = {isa = PBXBuildFile; fileRef = A20000000000000000000002 /* AppDelegate.swift */; };
		A10000000000000000000003 /* User.swift in Sources */ = {isa = PBXBuildFile; fileRef = A20000000000000000000003 /* User.swift */; };
		A10000000000000000000004 /* Notebook.swift in Sources */ = {isa = PBXBuildFile; fileRef = A20000000000000000000004 /* Notebook.swift */; };
		A10000000000000000000005 /* Note.swift in Sources */ = {isa = PBXBuildFile; fileRef = A20000000000000000000005 /* Note.swift */; };
		A10000000000000000000006 /* APIError.swift in Sources */ = {isa = PBXBuildFile; fileRef = A20000000000000000000006 /* APIError.swift */; };
		A10000000000000000000007 /* APIService.swift in Sources */ = {isa = PBXBuildFile; fileRef = A20000000000000000000007 /* APIService.swift */; };
		A10000000000000000000008 /* AuthService.swift in Sources */ = {isa = PBXBuildFile; fileRef = A20000000000000000000008 /* AuthService.swift */; };
		A10000000000000000000009 /* KeychainService.swift in Sources */ = {isa = PBXBuildFile; fileRef = A20000000000000000000009 /* KeychainService.swift */; };
		A10000000000000000000011 /* QuickNotePanel.swift in Sources */ = {isa = PBXBuildFile; fileRef = A20000000000000000000011 /* QuickNotePanel.swift */; };
		A10000000000000000000012 /* LoginView.swift in Sources */ = {isa = PBXBuildFile; fileRef = A20000000000000000000012 /* LoginView.swift */; };
		A10000000000000000000013 /* SettingsView.swift in Sources */ = {isa = PBXBuildFile; fileRef = A20000000000000000000013 /* SettingsView.swift */; };
		A10000000000000000000014 /* AppViewModel.swift in Sources */ = {isa = PBXBuildFile; fileRef = A20000000000000000000014 /* AppViewModel.swift */; };
		A10000000000000000000015 /* QuickNoteViewModel.swift in Sources */ = {isa = PBXBuildFile; fileRef = A20000000000000000000015 /* QuickNoteViewModel.swift */; };
		A10000000000000000000016 /* HotkeyManager.swift in Sources */ = {isa = PBXBuildFile; fileRef = A20000000000000000000016 /* HotkeyManager.swift */; };
		A10000000000000000000017 /* Assets.xcassets in Resources */ = {isa = PBXBuildFile; fileRef = A20000000000000000000017 /* Assets.xcassets */; };
		A10000000000000000000020 /* MarkdownParser.swift in Sources */ = {isa = PBXBuildFile; fileRef = A20000000000000000000020 /* MarkdownParser.swift */; };
		A10000000000000000000021 /* ImageProcessor.swift in Sources */ = {isa = PBXBuildFile; fileRef = A20000000000000000000021 /* ImageProcessor.swift */; };
		A10000000000000000000022 /* MarkdownTextView.swift in Sources */ = {isa = PBXBuildFile; fileRef = A20000000000000000000022 /* MarkdownTextView.swift */; };
		A10000000000000000000023 /* NoteBubbleView.swift in Sources */ = {isa = PBXBuildFile; fileRef = A20000000000000000000023 /* NoteBubbleView.swift */; };
		A10000000000000000000024 /* NoteInputView.swift in Sources */ = {isa = PBXBuildFile; fileRef = A20000000000000000000024 /* NoteInputView.swift */; };
		A10000000000000000000025 /* NoteStreamView.swift in Sources */ = {isa = PBXBuildFile; fileRef = A20000000000000000000025 /* NoteStreamView.swift */; };
		A10000000000000000000026 /* ThemeManager.swift in Sources */ = {isa = PBXBuildFile; fileRef = A20000000000000000000026 /* ThemeManager.swift */; };
		A10000000000000000000027 /* LinkPreviewCard.swift in Sources */ = {isa = PBXBuildFile; fileRef = A20000000000000000000027 /* LinkPreviewCard.swift */; };
		A10000000000000000000028 /* MenuBarIconView.swift in Sources */ = {isa = PBXBuildFile; fileRef = A20000000000000000000028 /* MenuBarIconView.swift */; };
		A10000000000000000000029 /* UpdateService.swift in Sources */ = {isa = PBXBuildFile; fileRef = A20000000000000000000029 /* UpdateService.swift */; };
		A10000000000000000000030 /* MainPanel.swift in Sources */ = {isa = PBXBuildFile; fileRef = A20000000000000000000030 /* MainPanel.swift */; };
		A10000000000000000000031 /* MarkdownContentView.swift in Sources */ = {isa = PBXBuildFile; fileRef = A20000000000000000000031 /* MarkdownContentView.swift */; };
		A10000000000000000000032 /* MenuPanel.swift in Sources */ = {isa = PBXBuildFile; fileRef = A20000000000000000000032 /* MenuPanel.swift */; };
		A10000000000000000000040 /* LocalDataStore.swift in Sources */ = {isa = PBXBuildFile; fileRef = A20000000000000000000040 /* LocalDataStore.swift */; };
		A10000000000000000000041 /* LocalNote.swift in Sources */ = {isa = PBXBuildFile; fileRef = A20000000000000000000041 /* LocalNote.swift */; };
		A10000000000000000000042 /* LocalNotebook.swift in Sources */ = {isa = PBXBuildFile; fileRef = A20000000000000000000042 /* LocalNotebook.swift */; };
		A10000000000000000000043 /* LocalNoteImage.swift in Sources */ = {isa = PBXBuildFile; fileRef = A20000000000000000000043 /* LocalNoteImage.swift */; };
		A10000000000000000000044 /* SyncMetadata.swift in Sources */ = {isa = PBXBuildFile; fileRef = A20000000000000000000044 /* SyncMetadata.swift */; };
		A10000000000000000000045 /* SyncStatus.swift in Sources */ = {isa = PBXBuildFile; fileRef = A20000000000000000000045 /* SyncStatus.swift */; };
		A10000000000000000000046 /* NetworkMonitor.swift in Sources */ = {isa = PBXBuildFile; fileRef = A20000000000000000000046 /* NetworkMonitor.swift */; };
		A10000000000000000000047 /* SyncService.swift in Sources */ = {isa = PBXBuildFile; fileRef = A20000000000000000000047 /* SyncService.swift */; };
		A10000000000000000000048 /* ImageCacheService.swift in Sources */ = {isa = PBXBuildFile; fileRef = A20000000000000000000048 /* ImageCacheService.swift */; };
		A10000000000000000000049 /* SyncStatusIndicator.swift in Sources */ = {isa = PBXBuildFile; fileRef = A20000000000000000000049 /* SyncStatusIndicator.swift */; };
		A10000000000000000000050 /* ConflictResolutionView.swift in Sources */ = {isa = PBXBuildFile; fileRef = A20000000000000000000050 /* ConflictResolutionView.swift */; };
		A10000000000000000000051 /* TiptapContentView.swift in Sources */ = {isa = PBXBuildFile; fileRef = A20000000000000000000051 /* TiptapContentView.swift */; };
		C30000000000000000000001 /* Sparkle in Frameworks */ = {isa = PBXBuildFile; productRef = C20000000000000000000001 /* Sparkle */; };
/* End PBXBuildFile section */

/* Begin PBXFileReference section */
		A20000000000000000000001 /* NotedMenuApp.swift */ = {isa = PBXFileReference; lastKnownFileType = sourcecode.swift; path = NotedMenuApp.swift; sourceTree = "<group>"; };
		A20000000000000000000002 /* AppDelegate.swift */ = {isa = PBXFileReference; lastKnownFileType = sourcecode.swift; path = AppDelegate.swift; sourceTree = "<group>"; };
		A20000000000000000000003 /* User.swift */ = {isa = PBXFileReference; lastKnownFileType = sourcecode.swift; path = User.swift; sourceTree = "<group>"; };
		A20000000000000000000004 /* Notebook.swift */ = {isa = PBXFileReference; lastKnownFileType = sourcecode.swift; path = Notebook.swift; sourceTree = "<group>"; };
		A20000000000000000000005 /* Note.swift */ = {isa = PBXFileReference; lastKnownFileType = sourcecode.swift; path = Note.swift; sourceTree = "<group>"; };
		A20000000000000000000006 /* APIError.swift */ = {isa = PBXFileReference; lastKnownFileType = sourcecode.swift; path = APIError.swift; sourceTree = "<group>"; };
		A20000000000000000000007 /* APIService.swift */ = {isa = PBXFileReference; lastKnownFileType = sourcecode.swift; path = APIService.swift; sourceTree = "<group>"; };
		A20000000000000000000008 /* AuthService.swift */ = {isa = PBXFileReference; lastKnownFileType = sourcecode.swift; path = AuthService.swift; sourceTree = "<group>"; };
		A20000000000000000000009 /* KeychainService.swift */ = {isa = PBXFileReference; lastKnownFileType = sourcecode.swift; path = KeychainService.swift; sourceTree = "<group>"; };
		A20000000000000000000011 /* QuickNotePanel.swift */ = {isa = PBXFileReference; lastKnownFileType = sourcecode.swift; path = QuickNotePanel.swift; sourceTree = "<group>"; };
		A20000000000000000000012 /* LoginView.swift */ = {isa = PBXFileReference; lastKnownFileType = sourcecode.swift; path = LoginView.swift; sourceTree = "<group>"; };
		A20000000000000000000013 /* SettingsView.swift */ = {isa = PBXFileReference; lastKnownFileType = sourcecode.swift; path = SettingsView.swift; sourceTree = "<group>"; };
		A20000000000000000000014 /* AppViewModel.swift */ = {isa = PBXFileReference; lastKnownFileType = sourcecode.swift; path = AppViewModel.swift; sourceTree = "<group>"; };
		A20000000000000000000015 /* QuickNoteViewModel.swift */ = {isa = PBXFileReference; lastKnownFileType = sourcecode.swift; path = QuickNoteViewModel.swift; sourceTree = "<group>"; };
		A20000000000000000000016 /* HotkeyManager.swift */ = {isa = PBXFileReference; lastKnownFileType = sourcecode.swift; path = HotkeyManager.swift; sourceTree = "<group>"; };
		A20000000000000000000017 /* Assets.xcassets */ = {isa = PBXFileReference; lastKnownFileType = folder.assetcatalog; path = Assets.xcassets; sourceTree = "<group>"; };
		A20000000000000000000018 /* Info.plist */ = {isa = PBXFileReference; lastKnownFileType = text.plist.xml; path = Info.plist; sourceTree = "<group>"; };
		A20000000000000000000019 /* NotedMenu.entitlements */ = {isa = PBXFileReference; lastKnownFileType = text.plist.entitlements; path = NotedMenu.entitlements; sourceTree = "<group>"; };
		A20000000000000000000020 /* MarkdownParser.swift */ = {isa = PBXFileReference; lastKnownFileType = sourcecode.swift; path = MarkdownParser.swift; sourceTree = "<group>"; };
		A20000000000000000000021 /* ImageProcessor.swift */ = {isa = PBXFileReference; lastKnownFileType = sourcecode.swift; path = ImageProcessor.swift; sourceTree = "<group>"; };
		A20000000000000000000022 /* MarkdownTextView.swift */ = {isa = PBXFileReference; lastKnownFileType = sourcecode.swift; path = MarkdownTextView.swift; sourceTree = "<group>"; };
		A20000000000000000000023 /* NoteBubbleView.swift */ = {isa = PBXFileReference; lastKnownFileType = sourcecode.swift; path = NoteBubbleView.swift; sourceTree = "<group>"; };
		A20000000000000000000024 /* NoteInputView.swift */ = {isa = PBXFileReference; lastKnownFileType = sourcecode.swift; path = NoteInputView.swift; sourceTree = "<group>"; };
		A20000000000000000000025 /* NoteStreamView.swift */ = {isa = PBXFileReference; lastKnownFileType = sourcecode.swift; path = NoteStreamView.swift; sourceTree = "<group>"; };
		A20000000000000000000026 /* ThemeManager.swift */ = {isa = PBXFileReference; lastKnownFileType = sourcecode.swift; path = ThemeManager.swift; sourceTree = "<group>"; };
		A20000000000000000000027 /* LinkPreviewCard.swift */ = {isa = PBXFileReference; lastKnownFileType = sourcecode.swift; path = LinkPreviewCard.swift; sourceTree = "<group>"; };
		A20000000000000000000028 /* MenuBarIconView.swift */ = {isa = PBXFileReference; lastKnownFileType = sourcecode.swift; path = MenuBarIconView.swift; sourceTree = "<group>"; };
		A20000000000000000000029 /* UpdateService.swift */ = {isa = PBXFileReference; lastKnownFileType = sourcecode.swift; path = UpdateService.swift; sourceTree = "<group>"; };
		A20000000000000000000030 /* MainPanel.swift */ = {isa = PBXFileReference; lastKnownFileType = sourcecode.swift; path = MainPanel.swift; sourceTree = "<group>"; };
		A20000000000000000000031 /* MarkdownContentView.swift */ = {isa = PBXFileReference; lastKnownFileType = sourcecode.swift; path = MarkdownContentView.swift; sourceTree = "<group>"; };
		A20000000000000000000032 /* MenuPanel.swift */ = {isa = PBXFileReference; lastKnownFileType = sourcecode.swift; path = MenuPanel.swift; sourceTree = "<group>"; };
		A20000000000000000000040 /* LocalDataStore.swift */ = {isa = PBXFileReference; lastKnownFileType = sourcecode.swift; path = LocalDataStore.swift; sourceTree = "<group>"; };
		A20000000000000000000041 /* LocalNote.swift */ = {isa = PBXFileReference; lastKnownFileType = sourcecode.swift; path = LocalNote.swift; sourceTree = "<group>"; };
		A20000000000000000000042 /* LocalNotebook.swift */ = {isa = PBXFileReference; lastKnownFileType = sourcecode.swift; path = LocalNotebook.swift; sourceTree = "<group>"; };
		A20000000000000000000043 /* LocalNoteImage.swift */ = {isa = PBXFileReference; lastKnownFileType = sourcecode.swift; path = LocalNoteImage.swift; sourceTree = "<group>"; };
		A20000000000000000000044 /* SyncMetadata.swift */ = {isa = PBXFileReference; lastKnownFileType = sourcecode.swift; path = SyncMetadata.swift; sourceTree = "<group>"; };
		A20000000000000000000045 /* SyncStatus.swift */ = {isa = PBXFileReference; lastKnownFileType = sourcecode.swift; path = SyncStatus.swift; sourceTree = "<group>"; };
		A20000000000000000000046 /* NetworkMonitor.swift */ = {isa = PBXFileReference; lastKnownFileType = sourcecode.swift; path = NetworkMonitor.swift; sourceTree = "<group>"; };
		A20000000000000000000047 /* SyncService.swift */ = {isa = PBXFileReference; lastKnownFileType = sourcecode.swift; path = SyncService.swift; sourceTree = "<group>"; };
		A20000000000000000000048 /* ImageCacheService.swift */ = {isa = PBXFileReference; lastKnownFileType = sourcecode.swift; path = ImageCacheService.swift; sourceTree = "<group>"; };
		A20000000000000000000049 /* SyncStatusIndicator.swift */ = {isa = PBXFileReference; lastKnownFileType = sourcecode.swift; path = SyncStatusIndicator.swift; sourceTree = "<group>"; };
		A20000000000000000000050 /* ConflictResolutionView.swift */ = {isa = PBXFileReference; lastKnownFileType = sourcecode.swift; path = ConflictResolutionView.swift; sourceTree = "<group>"; };
		A20000000000000000000051 /* TiptapContentView.swift */ = {isa = PBXFileReference; lastKnownFileType = sourcecode.swift; path = TiptapContentView.swift; sourceTree = "<group>"; };
		A30000000000000000000001 /* NotedMenu.app */ = {isa = PBXFileReference; explicitFileType = wrapper.application; includeInIndex = 0; path = NotedMenu.app; sourceTree = BUILT_PRODUCTS_DIR; };
/* End PBXFileReference section */

/* Begin PBXFrameworksBuildPhase section */
		A40000000000000000000001 /* Frameworks */ = {
			isa = PBXFrameworksBuildPhase;
			buildActionMask = 2147483647;
			files = (
				C30000000000000000000001 /* Sparkle in Frameworks */,
			);
			runOnlyForDeploymentPostprocessing = 0;
		};
/* End PBXFrameworksBuildPhase section */

/* Begin PBXGroup section */
		A50000000000000000000001 = {
			isa = PBXGroup;
			children = (
				A50000000000000000000002 /* NotedMenu */,
				A50000000000000000000008 /* Products */,
			);
			sourceTree = "<group>";
		};
		A50000000000000000000002 /* NotedMenu */ = {
			isa = PBXGroup;
			children = (
				A20000000000000000000001 /* NotedMenuApp.swift */,
				A20000000000000000000002 /* AppDelegate.swift */,
				A50000000000000000000003 /* Models */,
				A50000000000000000000012 /* Data */,
				A50000000000000000000004 /* Services */,
				A50000000000000000000005 /* Views */,
				A50000000000000000000006 /* ViewModels */,
				A50000000000000000000007 /* Hotkey */,
				A50000000000000000000010 /* Utilities */,
				A50000000000000000000011 /* Theme */,
				A50000000000000000000009 /* Resources */,
				A20000000000000000000018 /* Info.plist */,
				A20000000000000000000019 /* NotedMenu.entitlements */,
			);
			path = NotedMenu;
			sourceTree = "<group>";
		};
		A50000000000000000000003 /* Models */ = {
			isa = PBXGroup;
			children = (
				A20000000000000000000003 /* User.swift */,
				A20000000000000000000004 /* Notebook.swift */,
				A20000000000000000000005 /* Note.swift */,
				A20000000000000000000006 /* APIError.swift */,
			);
			path = Models;
			sourceTree = "<group>";
		};
		A50000000000000000000004 /* Services */ = {
			isa = PBXGroup;
			children = (
				A20000000000000000000007 /* APIService.swift */,
				A20000000000000000000008 /* AuthService.swift */,
				A20000000000000000000009 /* KeychainService.swift */,
				A20000000000000000000029 /* UpdateService.swift */,
				A20000000000000000000046 /* NetworkMonitor.swift */,
				A20000000000000000000047 /* SyncService.swift */,
				A20000000000000000000048 /* ImageCacheService.swift */,
			);
			path = Services;
			sourceTree = "<group>";
		};
		A50000000000000000000005 /* Views */ = {
			isa = PBXGroup;
			children = (
				A20000000000000000000011 /* QuickNotePanel.swift */,
				A20000000000000000000030 /* MainPanel.swift */,
				A20000000000000000000032 /* MenuPanel.swift */,
				A20000000000000000000012 /* LoginView.swift */,
				A20000000000000000000013 /* SettingsView.swift */,
				A20000000000000000000022 /* MarkdownTextView.swift */,
				A20000000000000000000031 /* MarkdownContentView.swift */,
				A20000000000000000000023 /* NoteBubbleView.swift */,
				A20000000000000000000024 /* NoteInputView.swift */,
				A20000000000000000000025 /* NoteStreamView.swift */,
				A20000000000000000000027 /* LinkPreviewCard.swift */,
				A20000000000000000000028 /* MenuBarIconView.swift */,
				A20000000000000000000049 /* SyncStatusIndicator.swift */,
				A20000000000000000000050 /* ConflictResolutionView.swift */,
				A20000000000000000000051 /* TiptapContentView.swift */,
			);
			path = Views;
			sourceTree = "<group>";
		};
		A50000000000000000000006 /* ViewModels */ = {
			isa = PBXGroup;
			children = (
				A20000000000000000000014 /* AppViewModel.swift */,
				A20000000000000000000015 /* QuickNoteViewModel.swift */,
			);
			path = ViewModels;
			sourceTree = "<group>";
		};
		A50000000000000000000007 /* Hotkey */ = {
			isa = PBXGroup;
			children = (
				A20000000000000000000016 /* HotkeyManager.swift */,
			);
			path = Hotkey;
			sourceTree = "<group>";
		};
		A50000000000000000000008 /* Products */ = {
			isa = PBXGroup;
			children = (
				A30000000000000000000001 /* NotedMenu.app */,
			);
			name = Products;
			sourceTree = "<group>";
		};
		A50000000000000000000009 /* Resources */ = {
			isa = PBXGroup;
			children = (
				A20000000000000000000017 /* Assets.xcassets */,
			);
			path = Resources;
			sourceTree = "<group>";
		};
		A50000000000000000000010 /* Utilities */ = {
			isa = PBXGroup;
			children = (
				A20000000000000000000020 /* MarkdownParser.swift */,
				A20000000000000000000021 /* ImageProcessor.swift */,
			);
			path = Utilities;
			sourceTree = "<group>";
		};
		A50000000000000000000011 /* Theme */ = {
			isa = PBXGroup;
			children = (
				A20000000000000000000026 /* ThemeManager.swift */,
			);
			path = Theme;
			sourceTree = "<group>";
		};
		A50000000000000000000012 /* Data */ = {
			isa = PBXGroup;
			children = (
				A20000000000000000000040 /* LocalDataStore.swift */,
				A50000000000000000000013 /* Models */,
			);
			path = Data;
			sourceTree = "<group>";
		};
		A50000000000000000000013 /* Models */ = {
			isa = PBXGroup;
			children = (
				A20000000000000000000041 /* LocalNote.swift */,
				A20000000000000000000042 /* LocalNotebook.swift */,
				A20000000000000000000043 /* LocalNoteImage.swift */,
				A20000000000000000000044 /* SyncMetadata.swift */,
				A20000000000000000000045 /* SyncStatus.swift */,
			);
			path = Models;
			sourceTree = "<group>";
		};
/* End PBXGroup section */

/* Begin PBXNativeTarget section */
		A60000000000000000000001 /* NotedMenu */ = {
			isa = PBXNativeTarget;
			buildConfigurationList = A80000000000000000000003 /* Build configuration list for PBXNativeTarget "NotedMenu" */;
			buildPhases = (
				A70000000000000000000001 /* Sources */,
				A40000000000000000000001 /* Frameworks */,
				A70000000000000000000002 /* Resources */,
			);
			buildRules = (
			);
			dependencies = (
			);
			name = NotedMenu;
			packageProductDependencies = (
				C20000000000000000000001 /* Sparkle */,
			);
			productName = NotedMenu;
			productReference = A30000000000000000000001 /* NotedMenu.app */;
			productType = "com.apple.product-type.application";
		};
/* End PBXNativeTarget section */

/* Begin PBXProject section */
		A90000000000000000000001 /* Project object */ = {
			isa = PBXProject;
			attributes = {
				BuildIndependentTargetsInParallel = 1;
				LastSwiftUpdateCheck = 1500;
				LastUpgradeCheck = 2620;
				TargetAttributes = {
					A60000000000000000000001 = {
						CreatedOnToolsVersion = 15.0;
					};
				};
			};
			buildConfigurationList = A80000000000000000000001 /* Build configuration list for PBXProject "NotedMenu" */;
			compatibilityVersion = "Xcode 14.0";
			developmentRegion = en;
			hasScannedForEncodings = 0;
			knownRegions = (
				en,
				Base,
			);
			mainGroup = A50000000000000000000001;
			packageReferences = (
				C10000000000000000000001 /* XCRemoteSwiftPackageReference "Sparkle" */,
			);
			productRefGroup = A50000000000000000000008 /* Products */;
			projectDirPath = "";
			projectRoot = "";
			targets = (
				A60000000000000000000001 /* NotedMenu */,
			);
		};
/* End PBXProject section */

/* Begin PBXResourcesBuildPhase section */
		A70000000000000000000002 /* Resources */ = {
			isa = PBXResourcesBuildPhase;
			buildActionMask = 2147483647;
			files = (
				A10000000000000000000017 /* Assets.xcassets in Resources */,
			);
			runOnlyForDeploymentPostprocessing = 0;
		};
/* End PBXResourcesBuildPhase section */

/* Begin PBXSourcesBuildPhase section */
		A70000000000000000000001 /* Sources */ = {
			isa = PBXSourcesBuildPhase;
			buildActionMask = 2147483647;
			files = (
				A10000000000000000000001 /* NotedMenuApp.swift in Sources */,
				A10000000000000000000002 /* AppDelegate.swift in Sources */,
				A10000000000000000000003 /* User.swift in Sources */,
				A10000000000000000000004 /* Notebook.swift in Sources */,
				A10000000000000000000005 /* Note.swift in Sources */,
				A10000000000000000000006 /* APIError.swift in Sources */,
				A10000000000000000000007 /* APIService.swift in Sources */,
				A10000000000000000000008 /* AuthService.swift in Sources */,
				A10000000000000000000009 /* KeychainService.swift in Sources */,
				A10000000000000000000011 /* QuickNotePanel.swift in Sources */,
				A10000000000000000000012 /* LoginView.swift in Sources */,
				A10000000000000000000013 /* SettingsView.swift in Sources */,
				A10000000000000000000014 /* AppViewModel.swift in Sources */,
				A10000000000000000000015 /* QuickNoteViewModel.swift in Sources */,
				A10000000000000000000016 /* HotkeyManager.swift in Sources */,
				A10000000000000000000020 /* MarkdownParser.swift in Sources */,
				A10000000000000000000021 /* ImageProcessor.swift in Sources */,
				A10000000000000000000022 /* MarkdownTextView.swift in Sources */,
				A10000000000000000000023 /* NoteBubbleView.swift in Sources */,
				A10000000000000000000024 /* NoteInputView.swift in Sources */,
				A10000000000000000000025 /* NoteStreamView.swift in Sources */,
				A10000000000000000000026 /* ThemeManager.swift in Sources */,
				A10000000000000000000027 /* LinkPreviewCard.swift in Sources */,
				A10000000000000000000028 /* MenuBarIconView.swift in Sources */,
				A10000000000000000000029 /* UpdateService.swift in Sources */,
				A10000000000000000000030 /* MainPanel.swift in Sources */,
				A10000000000000000000031 /* MarkdownContentView.swift in Sources */,
				A10000000000000000000032 /* MenuPanel.swift in Sources */,
				A10000000000000000000040 /* LocalDataStore.swift in Sources */,
				A10000000000000000000041 /* LocalNote.swift in Sources */,
				A10000000000000000000042 /* LocalNotebook.swift in Sources */,
				A10000000000000000000043 /* LocalNoteImage.swift in Sources */,
				A10000000000000000000044 /* SyncMetadata.swift in Sources */,
				A10000000000000000000045 /* SyncStatus.swift in Sources */,
				A10000000000000000000046 /* NetworkMonitor.swift in Sources */,
				A10000000000000000000047 /* SyncService.swift in Sources */,
				A10000000000000000000048 /* ImageCacheService.swift in Sources */,
				A10000000000000000000049 /* SyncStatusIndicator.swift in Sources */,
				A10000000000000000000050 /* ConflictResolutionView.swift in Sources */,
				A10000000000000000000051 /* TiptapContentView.swift in Sources */,
			);
			runOnlyForDeploymentPostprocessing = 0;
		};
/* End PBXSourcesBuildPhase section */

/* Begin XCBuildConfiguration section */
		B10000000000000000000001 /* Debug */ = {
			isa = XCBuildConfiguration;
			buildSettings = {
				ALWAYS_SEARCH_USER_PATHS = NO;
				ASSETCATALOG_COMPILER_GENERATE_SWIFT_ASSET_SYMBOL_EXTENSIONS = YES;
				CLANG_ANALYZER_NONNULL = YES;
				CLANG_ANALYZER_NUMBER_OBJECT_CONVERSION = YES_AGGRESSIVE;
				CLANG_CXX_LANGUAGE_STANDARD = "gnu++20";
				CLANG_ENABLE_MODULES = YES;
				CLANG_ENABLE_OBJC_ARC = YES;
				CLANG_ENABLE_OBJC_WEAK = YES;
				CLANG_WARN_BLOCK_CAPTURE_AUTORELEASING = YES;
				CLANG_WARN_BOOL_CONVERSION = YES;
				CLANG_WARN_COMMA = YES;
				CLANG_WARN_CONSTANT_CONVERSION = YES;
				CLANG_WARN_DEPRECATED_OBJC_IMPLEMENTATIONS = YES;
				CLANG_WARN_DIRECT_OBJC_ISA_USAGE = YES_ERROR;
				CLANG_WARN_DOCUMENTATION_COMMENTS = YES;
				CLANG_WARN_EMPTY_BODY = YES;
				CLANG_WARN_ENUM_CONVERSION = YES;
				CLANG_WARN_INFINITE_RECURSION = YES;
				CLANG_WARN_INT_CONVERSION = YES;
				CLANG_WARN_NON_LITERAL_NULL_CONVERSION = YES;
				CLANG_WARN_OBJC_IMPLICIT_RETAIN_SELF = YES;
				CLANG_WARN_OBJC_LITERAL_CONVERSION = YES;
				CLANG_WARN_OBJC_ROOT_CLASS = YES_ERROR;
				CLANG_WARN_QUOTED_INCLUDE_IN_FRAMEWORK_HEADER = YES;
				CLANG_WARN_RANGE_LOOP_ANALYSIS = YES;
				CLANG_WARN_STRICT_PROTOTYPES = YES;
				CLANG_WARN_SUSPICIOUS_MOVE = YES;
				CLANG_WARN_UNGUARDED_AVAILABILITY = YES_AGGRESSIVE;
				CLANG_WARN_UNREACHABLE_CODE = YES;
				CLANG_WARN__DUPLICATE_METHOD_MATCH = YES;
				COPY_PHASE_STRIP = NO;
				DEAD_CODE_STRIPPING = YES;
				DEBUG_INFORMATION_FORMAT = dwarf;
				DEVELOPMENT_TEAM = PNKZN48WK4;
				ENABLE_STRICT_OBJC_MSGSEND = YES;
				ENABLE_TESTABILITY = YES;
				ENABLE_USER_SCRIPT_SANDBOXING = YES;
				GCC_C_LANGUAGE_STANDARD = gnu17;
				GCC_DYNAMIC_NO_PIC = NO;
				GCC_NO_COMMON_BLOCKS = YES;
				GCC_OPTIMIZATION_LEVEL = 0;
				GCC_PREPROCESSOR_DEFINITIONS = (
					"DEBUG=1",
					"$(inherited)",
				);
				GCC_WARN_64_TO_32_BIT_CONVERSION = YES;
				GCC_WARN_ABOUT_RETURN_TYPE = YES_ERROR;
				GCC_WARN_UNDECLARED_SELECTOR = YES;
				GCC_WARN_UNINITIALIZED_AUTOS = YES_AGGRESSIVE;
				GCC_WARN_UNUSED_FUNCTION = YES;
				GCC_WARN_UNUSED_VARIABLE = YES;
				MACOSX_DEPLOYMENT_TARGET = 14.0;
				MTL_ENABLE_DEBUG_INFO = INCLUDE_SOURCE;
				MTL_FAST_MATH = YES;
				ONLY_ACTIVE_ARCH = YES;
				SDKROOT = macosx;
				STRING_CATALOG_GENERATE_SYMBOLS = YES;
				SWIFT_ACTIVE_COMPILATION_CONDITIONS = "DEBUG $(inherited)";
				SWIFT_OPTIMIZATION_LEVEL = "-Onone";
			};
			name = Debug;
		};
		B10000000000000000000002 /* Release */ = {
			isa = XCBuildConfiguration;
			buildSettings = {
				ALWAYS_SEARCH_USER_PATHS = NO;
				ASSETCATALOG_COMPILER_GENERATE_SWIFT_ASSET_SYMBOL_EXTENSIONS = YES;
				CLANG_ANALYZER_NONNULL = YES;
				CLANG_ANALYZER_NUMBER_OBJECT_CONVERSION = YES_AGGRESSIVE;
				CLANG_CXX_LANGUAGE_STANDARD = "gnu++20";
				CLANG_ENABLE_MODULES = YES;
				CLANG_ENABLE_OBJC_ARC = YES;
				CLANG_ENABLE_OBJC_WEAK = YES;
				CLANG_WARN_BLOCK_CAPTURE_AUTORELEASING = YES;
				CLANG_WARN_BOOL_CONVERSION = YES;
				CLANG_WARN_COMMA = YES;
				CLANG_WARN_CONSTANT_CONVERSION = YES;
				CLANG_WARN_DEPRECATED_OBJC_IMPLEMENTATIONS = YES;
				CLANG_WARN_DIRECT_OBJC_ISA_USAGE = YES_ERROR;
				CLANG_WARN_DOCUMENTATION_COMMENTS = YES;
				CLANG_WARN_EMPTY_BODY = YES;
				CLANG_WARN_ENUM_CONVERSION = YES;
				CLANG_WARN_INFINITE_RECURSION = YES;
				CLANG_WARN_INT_CONVERSION = YES;
				CLANG_WARN_NON_LITERAL_NULL_CONVERSION = YES;
				CLANG_WARN_OBJC_IMPLICIT_RETAIN_SELF = YES;
				CLANG_WARN_OBJC_LITERAL_CONVERSION = YES;
				CLANG_WARN_OBJC_ROOT_CLASS = YES_ERROR;
				CLANG_WARN_QUOTED_INCLUDE_IN_FRAMEWORK_HEADER = YES;
				CLANG_WARN_RANGE_LOOP_ANALYSIS = YES;
				CLANG_WARN_STRICT_PROTOTYPES = YES;
				CLANG_WARN_SUSPICIOUS_MOVE = YES;
				CLANG_WARN_UNGUARDED_AVAILABILITY = YES_AGGRESSIVE;
				CLANG_WARN_UNREACHABLE_CODE = YES;
				CLANG_WARN__DUPLICATE_METHOD_MATCH = YES;
				COPY_PHASE_STRIP = NO;
				DEAD_CODE_STRIPPING = YES;
				DEBUG_INFORMATION_FORMAT = "dwarf-with-dsym";
				DEVELOPMENT_TEAM = PNKZN48WK4;
				ENABLE_NS_ASSERTIONS = NO;
				ENABLE_STRICT_OBJC_MSGSEND = YES;
				ENABLE_USER_SCRIPT_SANDBOXING = YES;
				GCC_C_LANGUAGE_STANDARD = gnu17;
				GCC_NO_COMMON_BLOCKS = YES;
				GCC_WARN_64_TO_32_BIT_CONVERSION = YES;
				GCC_WARN_ABOUT_RETURN_TYPE = YES_ERROR;
				GCC_WARN_UNDECLARED_SELECTOR = YES;
				GCC_WARN_UNINITIALIZED_AUTOS = YES_AGGRESSIVE;
				GCC_WARN_UNUSED_FUNCTION = YES;
				GCC_WARN_UNUSED_VARIABLE = YES;
				MACOSX_DEPLOYMENT_TARGET = 14.0;
				MTL_ENABLE_DEBUG_INFO = NO;
				MTL_FAST_MATH = YES;
				SDKROOT = macosx;
				STRING_CATALOG_GENERATE_SYMBOLS = YES;
				SWIFT_COMPILATION_MODE = wholemodule;
			};
			name = Release;
		};
		B10000000000000000000003 /* Debug */ = {
			isa = XCBuildConfiguration;
			buildSettings = {
				ASSETCATALOG_COMPILER_APPICON_NAME = AppIcon;
				ASSETCATALOG_COMPILER_GLOBAL_ACCENT_COLOR_NAME = AccentColor;
				ASSETCATALOG_COMPILER_INCLUDE_ALL_APPICON_ASSETS = YES;
				CODE_SIGN_ENTITLEMENTS = NotedMenu/NotedMenu.entitlements;
				CODE_SIGN_IDENTITY = "Apple Development";
				"CODE_SIGN_IDENTITY[sdk=macosx*]" = "Apple Development";
				CODE_SIGN_STYLE = Automatic;
				COMBINE_HIDPI_IMAGES = YES;
				CURRENT_PROJECT_VERSION = 2;
				DEAD_CODE_STRIPPING = YES;
				DEVELOPMENT_TEAM = PNKZN48WK4;
				ENABLE_APP_SANDBOX = YES;
				ENABLE_FILE_ACCESS_DOWNLOADS_FOLDER = readonly;
				ENABLE_FILE_ACCESS_PICTURE_FOLDER = readonly;
				ENABLE_HARDENED_RUNTIME = YES;
				ENABLE_INCOMING_NETWORK_CONNECTIONS = NO;
				ENABLE_OUTGOING_NETWORK_CONNECTIONS = YES;
				ENABLE_RESOURCE_ACCESS_AUDIO_INPUT = NO;
				ENABLE_RESOURCE_ACCESS_BLUETOOTH = NO;
				ENABLE_RESOURCE_ACCESS_CALENDARS = NO;
				ENABLE_RESOURCE_ACCESS_CAMERA = NO;
				ENABLE_RESOURCE_ACCESS_CONTACTS = NO;
				ENABLE_RESOURCE_ACCESS_LOCATION = NO;
				ENABLE_RESOURCE_ACCESS_PRINTING = NO;
				ENABLE_RESOURCE_ACCESS_USB = NO;
				ENABLE_USER_SELECTED_FILES = readonly;
				GENERATE_INFOPLIST_FILE = NO;
				INFOPLIST_FILE = NotedMenu/Info.plist;
				INFOPLIST_KEY_CFBundleDisplayName = Noted;
				INFOPLIST_KEY_LSApplicationCategoryType = "public.app-category.productivity";
				INFOPLIST_KEY_NSHumanReadableCopyright = "";
				LD_RUNPATH_SEARCH_PATHS = (
					"$(inherited)",
					"@executable_path/../Frameworks",
				);
				MARKETING_VERSION = 1.0;
				PRODUCT_BUNDLE_IDENTIFIER = dev.kait.noted;
				PRODUCT_NAME = "$(TARGET_NAME)";
				PROVISIONING_PROFILE_SPECIFIER = "";
				SWIFT_EMIT_LOC_STRINGS = YES;
				SWIFT_VERSION = 5.0;
			};
			name = Debug;
		};
		B10000000000000000000004 /* Release */ = {
			isa = XCBuildConfiguration;
			buildSettings = {
				ASSETCATALOG_COMPILER_APPICON_NAME = AppIcon;
				ASSETCATALOG_COMPILER_GLOBAL_ACCENT_COLOR_NAME = AccentColor;
				ASSETCATALOG_COMPILER_INCLUDE_ALL_APPICON_ASSETS = YES;
				CODE_SIGN_ENTITLEMENTS = NotedMenu/NotedMenu.entitlements;
				CODE_SIGN_IDENTITY = "Apple Development";
				"CODE_SIGN_IDENTITY[sdk=macosx*]" = "Apple Development";
				CODE_SIGN_STYLE = Automatic;
				COMBINE_HIDPI_IMAGES = YES;
				CURRENT_PROJECT_VERSION = 2;
				DEAD_CODE_STRIPPING = YES;
				DEVELOPMENT_TEAM = PNKZN48WK4;
				ENABLE_APP_SANDBOX = YES;
				ENABLE_FILE_ACCESS_DOWNLOADS_FOLDER = readonly;
				ENABLE_FILE_ACCESS_PICTURE_FOLDER = readonly;
				ENABLE_HARDENED_RUNTIME = YES;
				ENABLE_INCOMING_NETWORK_CONNECTIONS = NO;
				ENABLE_OUTGOING_NETWORK_CONNECTIONS = YES;
				ENABLE_RESOURCE_ACCESS_AUDIO_INPUT = NO;
				ENABLE_RESOURCE_ACCESS_BLUETOOTH = NO;
				ENABLE_RESOURCE_ACCESS_CALENDARS = NO;
				ENABLE_RESOURCE_ACCESS_CAMERA = NO;
				ENABLE_RESOURCE_ACCESS_CONTACTS = NO;
				ENABLE_RESOURCE_ACCESS_LOCATION = NO;
				ENABLE_RESOURCE_ACCESS_PRINTING = NO;
				ENABLE_RESOURCE_ACCESS_USB = NO;
				ENABLE_USER_SELECTED_FILES = readonly;
				GENERATE_INFOPLIST_FILE = NO;
				INFOPLIST_FILE = NotedMenu/Info.plist;
				INFOPLIST_KEY_CFBundleDisplayName = Noted;
				INFOPLIST_KEY_LSApplicationCategoryType = "public.app-category.productivity";
				INFOPLIST_KEY_NSHumanReadableCopyright = "";
				LD_RUNPATH_SEARCH_PATHS = (
					"$(inherited)",
					"@executable_path/../Frameworks",
				);
				MARKETING_VERSION = 1.0;
				PRODUCT_BUNDLE_IDENTIFIER = dev.kait.noted;
				PRODUCT_NAME = "$(TARGET_NAME)";
				PROVISIONING_PROFILE_SPECIFIER = "";
				SWIFT_EMIT_LOC_STRINGS = YES;
				SWIFT_VERSION = 5.0;
			};
			name = Release;
		};
/* End XCBuildConfiguration section */

/* Begin XCConfigurationList section */
		A80000000000000000000001 /* Build configuration list for PBXProject "NotedMenu" */ = {
			isa = XCConfigurationList;
			buildConfigurations = (
				B10000000000000000000001 /* Debug */,
				B10000000000000000000002 /* Release */,
			);
			defaultConfigurationIsVisible = 0;
			defaultConfigurationName = Release;
		};
		A80000000000000000000003 /* Build configuration list for PBXNativeTarget "NotedMenu" */ = {
			isa = XCConfigurationList;
			buildConfigurations = (
				B10000000000000000000003 /* Debug */,
				B10000000000000000000004 /* Release */,
			);
			defaultConfigurationIsVisible = 0;
			defaultConfigurationName = Release;
		};
/* End XCConfigurationList section */

/* Begin XCRemoteSwiftPackageReference section */
		C10000000000000000000001 /* XCRemoteSwiftPackageReference "Sparkle" */ = {
			isa = XCRemoteSwiftPackageReference;
			repositoryURL = "https://github.com/sparkle-project/Sparkle";
			requirement = {
				kind = upToNextMajorVersion;
				minimumVersion = 2.6.0;
			};
		};
/* End XCRemoteSwiftPackageReference section */

/* Begin XCSwiftPackageProductDependency section */
		C20000000000000000000001 /* Sparkle */ = {
			isa = XCSwiftPackageProductDependency;
			package = C10000000000000000000001 /* XCRemoteSwiftPackageReference "Sparkle" */;
			productName = Sparkle;
		};
/* End XCSwiftPackageProductDependency section */
	};
	rootObject = A90000000000000000000001 /* Project object */;
}
